
Microsoft Visual Studio Solution File, Format Version 12.00
# Visual Studio Version 17
VisualStudioVersion = 17.13.35828.75 d17.13
MinimumVisualStudioVersion = 10.0.40219.1
Project("{FAE04EC0-301F-11D3-BF4B-00C04F79EFBC}") = "TicketShop", "TicketShop.csproj", "{585FC596-4F98-4F98-849F-410B3B7BB545}"
EndProject
Global
	GlobalSection(SolutionConfigurationPlatforms) = preSolution
		Debug|Any CPU = Debug|Any CPU
		Release|Any CPU = Release|Any CPU
	EndGlobalSection
	GlobalSection(ProjectConfigurationPlatforms) = postSolution
		{585FC596-4F98-4F98-849F-410B3B7BB545}.Debug|Any CPU.ActiveCfg = Debug|Any CPU
		{585FC596-4F98-4F98-849F-410B3B7BB545}.Debug|Any CPU.Build.0 = Debug|Any CPU
		{585FC596-4F98-4F98-849F-410B3B7BB545}.Release|Any CPU.ActiveCfg = Release|Any CPU
		{585FC596-4F98-4F98-849F-410B3B7BB545}.Release|Any CPU.Build.0 = Release|Any CPU
	EndGlobalSection
	GlobalSection(SolutionProperties) = preSolution
		HideSolutionNode = FALSE
	EndGlobalSection
	GlobalSection(ExtensibilityGlobals) = postSolution
		SolutionGuid = {2A1C720E-42E2-4D3E-A56F-59F1317CA58D}
	EndGlobalSection
EndGlobal
